
Microsoft Visual Studio Solution File, Format Version 12.00
# Visual Studio Version 16
VisualStudioVersion = 16.0.31911.196
MinimumVisualStudioVersion = 10.0.40219.1
Project("{FAE04EC0-301F-11D3-BF4B-00C04F79EFBC}") = "FlowerApp.Android", "FlowerApp\FlowerApp.Android\FlowerApp.Android.csproj", "{317738BF-CD1F-415A-AABD-FC3580DDC8D3}"
EndProject
Project("{FAE04EC0-301F-11D3-BF4B-00C04F79EFBC}") = "FlowerApp.iOS", "FlowerApp\FlowerApp.iOS\FlowerApp.iOS.csproj", "{DEE92A95-95AD-4BFE-A99A-BB88BB12F099}"
EndProject
Project("{FAE04EC0-301F-11D3-BF4B-00C04F79EFBC}") = "FlowerApp", "FlowerApp\FlowerApp\FlowerApp.csproj", "{68B6707A-71F2-45CF-A8D4-3BC75E669496}"
EndProject
Global
	GlobalSection(SolutionConfigurationPlatforms) = preSolution
		Debug|Any CPU = Debug|Any CPU
		Debug|iPhone = Debug|iPhone
		Debug|iPhoneSimulator = Debug|iPhoneSimulator
		Release|Any CPU = Release|Any CPU
		Release|iPhone = Release|iPhone
		Release|iPhoneSimulator = Release|iPhoneSimulator
	EndGlobalSection
	GlobalSection(ProjectConfigurationPlatforms) = postSolution
		{317738BF-CD1F-415A-AABD-FC3580DDC8D3}.Debug|Any CPU.ActiveCfg = Debug|Any CPU
		{317738BF-CD1F-415A-AABD-FC3580DDC8D3}.Debug|Any CPU.Build.0 = Debug|Any CPU
		{317738BF-CD1F-415A-AABD-FC3580DDC8D3}.Debug|Any CPU.Deploy.0 = Debug|Any CPU
		{317738BF-CD1F-415A-AABD-FC3580DDC8D3}.Debug|iPhone.ActiveCfg = Debug|Any CPU
		{317738BF-CD1F-415A-AABD-FC3580DDC8D3}.Debug|iPhone.Build.0 = Debug|Any CPU
		{317738BF-CD1F-415A-AABD-FC3580DDC8D3}.Debug|iPhone.Deploy.0 = Debug|Any CPU
		{317738BF-CD1F-415A-AABD-FC3580DDC8D3}.Debug|iPhoneSimulator.ActiveCfg = Debug|Any CPU
		{317738BF-CD1F-415A-AABD-FC3580DDC8D3}.Debug|iPhoneSimulator.Build.0 = Debug|Any CPU
		{317738BF-CD1F-415A-AABD-FC3580DDC8D3}.Debug|iPhoneSimulator.Deploy.0 = Debug|Any CPU
		{317738BF-CD1F-415A-AABD-FC3580DDC8D3}.Release|Any CPU.ActiveCfg = Release|Any CPU
		{317738BF-CD1F-415A-AABD-FC3580DDC8D3}.Release|Any CPU.Build.0 = Release|Any CPU
		{317738BF-CD1F-415A-AABD-FC3580DDC8D3}.Release|Any CPU.Deploy.0 = Release|Any CPU
		{317738BF-CD1F-415A-AABD-FC3580DDC8D3}.Release|iPhone.ActiveCfg = Release|Any CPU
		{317738BF-CD1F-415A-AABD-FC3580DDC8D3}.Release|iPhone.Build.0 = Release|Any CPU
		{317738BF-CD1F-415A-AABD-FC3580DDC8D3}.Release|iPhone.Deploy.0 = Release|Any CPU
		{317738BF-CD1F-415A-AABD-FC3580DDC8D3}.Release|iPhoneSimulator.ActiveCfg = Release|Any CPU
		{317738BF-CD1F-415A-AABD-FC3580DDC8D3}.Release|iPhoneSimulator.Build.0 = Release|Any CPU
		{317738BF-CD1F-415A-AABD-FC3580DDC8D3}.Release|iPhoneSimulator.Deploy.0 = Release|Any CPU
		{DEE92A95-95AD-4BFE-A99A-BB88BB12F099}.Debug|Any CPU.ActiveCfg = Debug|iPhone
		{DEE92A95-95AD-4BFE-A99A-BB88BB12F099}.Debug|Any CPU.Build.0 = Debug|iPhone
		{DEE92A95-95AD-4BFE-A99A-BB88BB12F099}.Debug|Any CPU.Deploy.0 = Debug|iPhone
		{DEE92A95-95AD-4BFE-A99A-BB88BB12F099}.Debug|iPhone.ActiveCfg = Debug|iPhone
		{DEE92A95-95AD-4BFE-A99A-BB88BB12F099}.Debug|iPhone.Build.0 = Debug|iPhone
		{DEE92A95-95AD-4BFE-A99A-BB88BB12F099}.Debug|iPhone.Deploy.0 = Debug|iPhone
		{DEE92A95-95AD-4BFE-A99A-BB88BB12F099}.Debug|iPhoneSimulator.ActiveCfg = Debug|iPhoneSimulator
		{DEE92A95-95AD-4BFE-A99A-BB88BB12F099}.Debug|iPhoneSimulator.Build.0 = Debug|iPhoneSimulator
		{DEE92A95-95AD-4BFE-A99A-BB88BB12F099}.Debug|iPhoneSimulator.Deploy.0 = Debug|iPhoneSimulator
		{DEE92A95-95AD-4BFE-A99A-BB88BB12F099}.Release|Any CPU.ActiveCfg = Release|iPhoneSimulator
		{DEE92A95-95AD-4BFE-A99A-BB88BB12F099}.Release|Any CPU.Build.0 = Release|iPhoneSimulator
		{DEE92A95-95AD-4BFE-A99A-BB88BB12F099}.Release|Any CPU.Deploy.0 = Release|iPhoneSimulator
		{DEE92A95-95AD-4BFE-A99A-BB88BB12F099}.Release|iPhone.ActiveCfg = Release|iPhone
		{DEE92A95-95AD-4BFE-A99A-BB88BB12F099}.Release|iPhone.Build.0 = Release|iPhone
		{DEE92A95-95AD-4BFE-A99A-BB88BB12F099}.Release|iPhone.Deploy.0 = Release|iPhone
		{DEE92A95-95AD-4BFE-A99A-BB88BB12F099}.Release|iPhoneSimulator.ActiveCfg = Release|iPhoneSimulator
		{DEE92A95-95AD-4BFE-A99A-BB88BB12F099}.Release|iPhoneSimulator.Build.0 = Release|iPhoneSimulator
		{DEE92A95-95AD-4BFE-A99A-BB88BB12F099}.Release|iPhoneSimulator.Deploy.0 = Release|iPhoneSimulator
		{68B6707A-71F2-45CF-A8D4-3BC75E669496}.Debug|Any CPU.ActiveCfg = Debug|Any CPU
		{68B6707A-71F2-45CF-A8D4-3BC75E669496}.Debug|Any CPU.Build.0 = Debug|Any CPU
		{68B6707A-71F2-45CF-A8D4-3BC75E669496}.Debug|Any CPU.Deploy.0 = Debug|Any CPU
		{68B6707A-71F2-45CF-A8D4-3BC75E669496}.Debug|iPhone.ActiveCfg = Debug|Any CPU
		{68B6707A-71F2-45CF-A8D4-3BC75E669496}.Debug|iPhone.Build.0 = Debug|Any CPU
		{68B6707A-71F2-45CF-A8D4-3BC75E669496}.Debug|iPhone.Deploy.0 = Debug|Any CPU
		{68B6707A-71F2-45CF-A8D4-3BC75E669496}.Debug|iPhoneSimulator.ActiveCfg = Debug|Any CPU
		{68B6707A-71F2-45CF-A8D4-3BC75E669496}.Debug|iPhoneSimulator.Build.0 = Debug|Any CPU
		{68B6707A-71F2-45CF-A8D4-3BC75E669496}.Debug|iPhoneSimulator.Deploy.0 = Debug|Any CPU
		{68B6707A-71F2-45CF-A8D4-3BC75E669496}.Release|Any CPU.ActiveCfg = Release|Any CPU
		{68B6707A-71F2-45CF-A8D4-3BC75E669496}.Release|Any CPU.Build.0 = Release|Any CPU
		{68B6707A-71F2-45CF-A8D4-3BC75E669496}.Release|Any CPU.Deploy.0 = Release|Any CPU
		{68B6707A-71F2-45CF-A8D4-3BC75E669496}.Release|iPhone.ActiveCfg = Release|Any CPU
		{68B6707A-71F2-45CF-A8D4-3BC75E669496}.Release|iPhone.Build.0 = Release|Any CPU
		{68B6707A-71F2-45CF-A8D4-3BC75E669496}.Release|iPhone.Deploy.0 = Release|Any CPU
		{68B6707A-71F2-45CF-A8D4-3BC75E669496}.Release|iPhoneSimulator.ActiveCfg = Release|Any CPU
		{68B6707A-71F2-45CF-A8D4-3BC75E669496}.Release|iPhoneSimulator.Build.0 = Release|Any CPU
		{68B6707A-71F2-45CF-A8D4-3BC75E669496}.Release|iPhoneSimulator.Deploy.0 = Release|Any CPU
	EndGlobalSection
	GlobalSection(SolutionProperties) = preSolution
		HideSolutionNode = FALSE
	EndGlobalSection
	GlobalSection(ExtensibilityGlobals) = postSolution
		SolutionGuid = {8280B403-07C9-4450-957F-B8600F8B2E41}
	EndGlobalSection
EndGlobal
